
Microsoft Visual Studio Solution File, Format Version 12.00
# Visual Studio Version 17
VisualStudioVersion = 17.11.35222.181
MinimumVisualStudioVersion = 10.0.40219.1
Project("{8BC9CEB8-8B4A-11D0-8D11-00A0C91BC942}") = "Heapsort", "Heapsort\Heapsort.vcxproj", "{0FED3139-131D-4B87-A3AA-7ED473E5CBFE}"
EndProject
Global
	GlobalSection(SolutionConfigurationPlatforms) = preSolution
		Debug|x64 = Debug|x64
		Debug|x86 = Debug|x86
		Release|x64 = Release|x64
		Release|x86 = Release|x86
	EndGlobalSection
	GlobalSection(ProjectConfigurationPlatforms) = postSolution
		{0FED3139-131D-4B87-A3AA-7ED473E5CBFE}.Debug|x64.ActiveCfg = Debug|x64
		{0FED3139-131D-4B87-A3AA-7ED473E5CBFE}.Debug|x64.Build.0 = Debug|x64
		{0FED3139-131D-4B87-A3AA-7ED473E5CBFE}.Debug|x86.ActiveCfg = Debug|Win32
		{0FED3139-131D-4B87-A3AA-7ED473E5CBFE}.Debug|x86.Build.0 = Debug|Win32
		{0FED3139-131D-4B87-A3AA-7ED473E5CBFE}.Release|x64.ActiveCfg = Release|x64
		{0FED3139-131D-4B87-A3AA-7ED473E5CBFE}.Release|x64.Build.0 = Release|x64
		{0FED3139-131D-4B87-A3AA-7ED473E5CBFE}.Release|x86.ActiveCfg = Release|Win32
		{0FED3139-131D-4B87-A3AA-7ED473E5CBFE}.Release|x86.Build.0 = Release|Win32
	EndGlobalSection
	GlobalSection(SolutionProperties) = preSolution
		HideSolutionNode = FALSE
	EndGlobalSection
	GlobalSection(ExtensibilityGlobals) = postSolution
		SolutionGuid = {544F2899-2674-482F-96CB-0845A435005B}
	EndGlobalSection
EndGlobal
